{
  "nodes": {
    "aquamarine": {
      "inputs": {
        "hyprutils": [
          "hyprland",
          "hyprutils"
        ],
        "hyprwayland-scanner": [
          "hyprland",
          "hyprwayland-scanner"
        ],
        "nixpkgs": [
          "hyprland",
          "nixpkgs"
        ],
        "systems": [
          "hyprland",
          "systems"
        ]
      },
      "locked": {
        "lastModified": 1726665257,
        "narHash": "sha256-rEzEZtd3iyVo5RJ1OGujOlnywNf3gsrOnjAn1NLciD4=",
        "owner": "hyprwm",
        "repo": "aquamarine",
        "rev": "752d0fbd141fabb5a1e7f865199b80e6e76f8d8e",
        "type": "github"
      },
      "original": {
        "owner": "hyprwm",
        "repo": "aquamarine",
        "type": "github"
      }
    },
    "brew-src": {
      "flake": false,
      "locked": {
        "lastModified": 1718075954,
        "narHash": "sha256-4TeUhv5VLEufP+Z/NkKnUk4NUaf59cMsj6NvsVbE+8w=",
        "owner": "Homebrew",
        "repo": "brew",
        "rev": "3f08c75e7b950d4340dab462f3e7f77e8093fa2b",
        "type": "github"
      },
      "original": {
        "owner": "Homebrew",
        "ref": "4.3.5",
        "repo": "brew",
        "type": "github"
      }
    },
    "flake-compat": {
      "flake": false,
      "locked": {
        "lastModified": 1717312683,
        "narHash": "sha256-FrlieJH50AuvagamEvWMIE6D2OAnERuDboFDYAED/dE=",
        "owner": "nix-community",
        "repo": "flake-compat",
        "rev": "38fd3954cf65ce6faf3d0d45cd26059e059f07ea",
        "type": "github"
      },
      "original": {
        "owner": "nix-community",
        "repo": "flake-compat",
        "type": "github"
      }
    },
    "flake-compat_2": {
      "flake": false,
      "locked": {
        "lastModified": 1696426674,
        "narHash": "sha256-kvjfFW7WAETZlt09AgDn1MrtKzP7t90Vf7vypd3OL1U=",
        "owner": "edolstra",
        "repo": "flake-compat",
        "rev": "0f9255e01c2351cc7d116c072cb317785dd33b33",
        "type": "github"
      },
      "original": {
        "owner": "edolstra",
        "repo": "flake-compat",
        "type": "github"
      }
    },
    "flake-parts": {
      "inputs": {
        "nixpkgs-lib": [
          "nixos-cosmic",
          "nix-update",
          "nixpkgs"
        ]
      },
      "locked": {
        "lastModified": 1719994518,
        "narHash": "sha256-pQMhCCHyQGRzdfAkdJ4cIWiw+JNuWsTX7f0ZYSyz0VY=",
        "owner": "hercules-ci",
        "repo": "flake-parts",
        "rev": "9227223f6d922fee3c7b190b2cc238a99527bbb7",
        "type": "github"
      },
      "original": {
        "owner": "hercules-ci",
        "repo": "flake-parts",
        "type": "github"
      }
    },
    "flake-utils": {
      "inputs": {
        "systems": "systems_2"
      },
      "locked": {
        "lastModified": 1710146030,
        "narHash": "sha256-SZ5L6eA7HJ/nmkzGG7/ISclqe6oZdOZTNoesiInkXPQ=",
        "owner": "numtide",
        "repo": "flake-utils",
        "rev": "b1d9ab70662946ef0850d488da1c9019f3a9752a",
        "type": "github"
      },
      "original": {
        "owner": "numtide",
        "repo": "flake-utils",
        "type": "github"
      }
    },
    "flake-utils_2": {
      "inputs": {
        "systems": "systems_3"
      },
      "locked": {
        "lastModified": 1710146030,
        "narHash": "sha256-SZ5L6eA7HJ/nmkzGG7/ISclqe6oZdOZTNoesiInkXPQ=",
        "owner": "numtide",
        "repo": "flake-utils",
        "rev": "b1d9ab70662946ef0850d488da1c9019f3a9752a",
        "type": "github"
      },
      "original": {
        "owner": "numtide",
        "repo": "flake-utils",
        "type": "github"
      }
    },
    "home-manager": {
      "inputs": {
        "nixpkgs": [
          "nixpkgs"
        ]
      },
      "locked": {
        "lastModified": 1726611255,
        "narHash": "sha256-/bxaYvIK6/d3zqpW26QFS0rqfd0cO4qreSNWvYLTl/w=",
        "owner": "nix-community",
        "repo": "home-manager",
        "rev": "d2493de5cd1da06b6a4c3e97f4e7d5dd791df457",
        "type": "github"
      },
      "original": {
        "owner": "nix-community",
        "repo": "home-manager",
        "type": "github"
      }
    },
    "hyprcursor": {
      "inputs": {
        "hyprlang": [
          "hyprland",
          "hyprlang"
        ],
        "nixpkgs": [
          "hyprland",
          "nixpkgs"
        ],
        "systems": [
          "hyprland",
          "systems"
        ]
      },
      "locked": {
        "lastModified": 1722623071,
        "narHash": "sha256-sLADpVgebpCBFXkA1FlCXtvEPu1tdEsTfqK1hfeHySE=",
        "owner": "hyprwm",
        "repo": "hyprcursor",
        "rev": "912d56025f03d41b1ad29510c423757b4379eb1c",
        "type": "github"
      },
      "original": {
        "owner": "hyprwm",
        "repo": "hyprcursor",
        "type": "github"
      }
    },
    "hyprland": {
      "inputs": {
        "aquamarine": "aquamarine",
        "hyprcursor": "hyprcursor",
        "hyprlang": "hyprlang",
        "hyprutils": "hyprutils",
        "hyprwayland-scanner": "hyprwayland-scanner",
        "nixpkgs": "nixpkgs",
        "systems": "systems",
        "xdph": "xdph"
      },
      "locked": {
        "lastModified": 1726681673,
        "narHash": "sha256-n7EMRe/uMZ4QdM/DWsewc7LLRaR0GGzQIV3uu9BFZbU=",
        "ref": "refs/heads/main",
        "rev": "e6cf643f5ab1c1545fb858ab1fd9d7538ef9e0f3",
        "revCount": 5235,
        "submodules": true,
        "type": "git",
        "url": "https://github.com/hyprwm/Hyprland"
      },
      "original": {
        "submodules": true,
        "type": "git",
        "url": "https://github.com/hyprwm/Hyprland"
      }
    },
    "hyprland-contrib": {
      "inputs": {
        "nixpkgs": "nixpkgs_2"
      },
      "locked": {
        "lastModified": 1725551787,
        "narHash": "sha256-6LgsZHz8w3g4c9bRUwRAR+WIMwFGGf3P1VZQcKNRf2o=",
        "owner": "hyprwm",
        "repo": "contrib",
        "rev": "1e531dc49ad36c88b45bf836081a7a2c8927e072",
        "type": "github"
      },
      "original": {
        "owner": "hyprwm",
        "repo": "contrib",
        "type": "github"
      }
    },
    "hyprland-protocols": {
      "inputs": {
        "nixpkgs": [
          "hyprland",
          "xdph",
          "nixpkgs"
        ],
        "systems": [
          "hyprland",
          "xdph",
          "systems"
        ]
      },
      "locked": {
        "lastModified": 1721326555,
        "narHash": "sha256-zCu4R0CSHEactW9JqYki26gy8h9f6rHmSwj4XJmlHgg=",
        "owner": "hyprwm",
        "repo": "hyprland-protocols",
        "rev": "5a11232266bf1a1f5952d5b179c3f4b2facaaa84",
        "type": "github"
      },
      "original": {
        "owner": "hyprwm",
        "repo": "hyprland-protocols",
        "type": "github"
      }
    },
    "hyprlang": {
      "inputs": {
        "hyprutils": [
          "hyprland",
          "hyprutils"
        ],
        "nixpkgs": [
          "hyprland",
          "nixpkgs"
        ],
        "systems": [
          "hyprland",
          "systems"
        ]
      },
      "locked": {
        "lastModified": 1725997860,
        "narHash": "sha256-d/rZ/fHR5l1n7PeyLw0StWMNLXVU9c4HFyfskw568so=",
        "owner": "hyprwm",
        "repo": "hyprlang",
        "rev": "dfeb5811dd6485490cce18d6cc1e38a055eea876",
        "type": "github"
      },
      "original": {
        "owner": "hyprwm",
        "repo": "hyprlang",
        "type": "github"
      }
    },
    "hyprutils": {
      "inputs": {
        "nixpkgs": [
          "hyprland",
          "nixpkgs"
        ],
        "systems": [
          "hyprland",
          "systems"
        ]
      },
      "locked": {
        "lastModified": 1724966483,
        "narHash": "sha256-WXDgKIbzjYKczxSZOsJplCS1i1yrTUpsDPuJV/xpYLo=",
        "owner": "hyprwm",
        "repo": "hyprutils",
        "rev": "8976e3f6a5357da953a09511d0c7f6a890fb6ec2",
        "type": "github"
      },
      "original": {
        "owner": "hyprwm",
        "repo": "hyprutils",
        "type": "github"
      }
    },
    "hyprwayland-scanner": {
      "inputs": {
        "nixpkgs": [
          "hyprland",
          "nixpkgs"
        ],
        "systems": [
          "hyprland",
          "systems"
        ]
      },
      "locked": {
        "lastModified": 1721324119,
        "narHash": "sha256-SOOqIT27/X792+vsLSeFdrNTF+OSRp5qXv6Te+fb2Qg=",
        "owner": "hyprwm",
        "repo": "hyprwayland-scanner",
        "rev": "a048a6cb015340bd82f97c1f40a4b595ca85cc30",
        "type": "github"
      },
      "original": {
        "owner": "hyprwm",
        "repo": "hyprwayland-scanner",
        "type": "github"
      }
    },
    "nix-darwin": {
      "inputs": {
        "nixpkgs": [
          "nixpkgs"
        ]
      },
      "locked": {
        "lastModified": 1726616680,
        "narHash": "sha256-i0h300W3t7Q7PltJPmucj+ub45SE/bNQ+pf83tasYAQ=",
        "owner": "LnL7",
        "repo": "nix-darwin",
        "rev": "6374cd7e50aa057a688142eed2345083047ad884",
        "type": "github"
      },
      "original": {
        "owner": "LnL7",
        "repo": "nix-darwin",
        "type": "github"
      }
    },
    "nix-darwin_2": {
      "inputs": {
        "nixpkgs": "nixpkgs_3"
      },
      "locked": {
        "lastModified": 1716329735,
        "narHash": "sha256-ap51w+VqG21vuzyQ04WrhI2YbWHd3UGz0e7dc/QQmoA=",
        "owner": "LnL7",
        "repo": "nix-darwin",
        "rev": "eac4f25028c1975a939c8f8fba95c12f8a25e01c",
        "type": "github"
      },
      "original": {
        "owner": "LnL7",
        "repo": "nix-darwin",
        "type": "github"
      }
    },
    "nix-homebrew": {
      "inputs": {
        "brew-src": "brew-src",
        "flake-utils": "flake-utils",
        "nix-darwin": "nix-darwin_2",
        "nixpkgs": [
          "nixpkgs"
        ]
      },
      "locked": {
        "lastModified": 1719720211,
        "narHash": "sha256-FNK5ZxmNC+V/wOuioc5HqkUy0ld4eW3NqcsZHLYg9HI=",
        "owner": "zhaofengli-wip",
        "repo": "nix-homebrew",
        "rev": "0afc51fd86693c73e4b60be8ed8c782c4c09b4cc",
        "type": "github"
      },
      "original": {
        "owner": "zhaofengli-wip",
        "repo": "nix-homebrew",
        "type": "github"
      }
    },
    "nix-update": {
      "inputs": {
        "flake-parts": "flake-parts",
        "nixpkgs": [
          "nixos-cosmic",
          "nixpkgs"
        ],
        "treefmt-nix": "treefmt-nix"
      },
      "locked": {
        "lastModified": 1726468554,
        "narHash": "sha256-Vyumyd9Qqh6n0hdfqOftDVbPuMJ5H+7Pp3w5/FDZ6gQ=",
        "owner": "Mic92",
        "repo": "nix-update",
        "rev": "b28bb46366ee32440cc525d18b71bac98a6925a2",
        "type": "github"
      },
      "original": {
        "owner": "Mic92",
        "repo": "nix-update",
        "type": "github"
      }
    },
    "nixos-cosmic": {
      "inputs": {
        "flake-compat": "flake-compat",
        "nix-update": "nix-update",
        "nixpkgs": [
          "nixpkgs"
        ],
        "nixpkgs-stable": "nixpkgs-stable",
        "rust-overlay": "rust-overlay"
      },
      "locked": {
        "lastModified": 1726706123,
        "narHash": "sha256-+8FhDIjD3ZFRdQfnn2KcecnmaBHiSYZ5jKp2xBy3txM=",
        "owner": "lilyinstarlight",
        "repo": "nixos-cosmic",
        "rev": "0792d865890172a339a2790c962944435c538523",
        "type": "github"
      },
      "original": {
        "owner": "lilyinstarlight",
        "repo": "nixos-cosmic",
        "type": "github"
      }
    },
    "nixos-wsl": {
      "inputs": {
        "flake-compat": "flake-compat_2",
        "flake-utils": "flake-utils_2",
        "nixpkgs": "nixpkgs_4"
      },
      "locked": {
        "lastModified": 1726477654,
        "narHash": "sha256-nE34QJfnkLZyZIVOXd73iICyvYROVSOo4h7pVRs0mqg=",
        "owner": "nix-community",
        "repo": "NixOS-WSL",
        "rev": "20630a560fa658b1f4fc16e6ef2b6b3d6f8539f5",
        "type": "github"
      },
      "original": {
        "owner": "nix-community",
        "ref": "main",
        "repo": "NixOS-WSL",
        "type": "github"
      }
    },
    "nixpkgs": {
      "locked": {
        "lastModified": 1725983898,
        "narHash": "sha256-4b3A9zPpxAxLnkF9MawJNHDtOOl6ruL0r6Og1TEDGCE=",
        "owner": "NixOS",
        "repo": "nixpkgs",
        "rev": "1355a0cbfeac61d785b7183c0caaec1f97361b43",
        "type": "github"
      },
      "original": {
        "owner": "NixOS",
        "ref": "nixos-unstable",
        "repo": "nixpkgs",
        "type": "github"
      }
    },
    "nixpkgs-stable": {
      "locked": {
        "lastModified": 1726447378,
        "narHash": "sha256-2yV8nmYE1p9lfmLHhOCbYwQC/W8WYfGQABoGzJOb1JQ=",
        "owner": "NixOS",
        "repo": "nixpkgs",
        "rev": "086b448a5d54fd117f4dc2dee55c9f0ff461bdc1",
        "type": "github"
      },
      "original": {
        "owner": "NixOS",
        "ref": "nixos-24.05",
        "repo": "nixpkgs",
        "type": "github"
      }
    },
    "nixpkgs_2": {
      "locked": {
        "lastModified": 1712163089,
        "narHash": "sha256-Um+8kTIrC19vD4/lUCN9/cU9kcOsD1O1m+axJqQPyMM=",
        "owner": "NixOS",
        "repo": "nixpkgs",
        "rev": "fd281bd6b7d3e32ddfa399853946f782553163b5",
        "type": "github"
      },
      "original": {
        "owner": "NixOS",
        "ref": "nixos-unstable",
        "repo": "nixpkgs",
        "type": "github"
      }
    },
    "nixpkgs_3": {
      "locked": {
        "lastModified": 1687274257,
        "narHash": "sha256-TutzPriQcZ8FghDhEolnHcYU2oHIG5XWF+/SUBNnAOE=",
        "path": "/nix/store/22qgs3skscd9bmrxv9xv4q5d4wwm5ppx-source",
        "rev": "2c9ecd1f0400076a4d6b2193ad468ff0a7e7fdc5",
        "type": "path"
      },
      "original": {
        "id": "nixpkgs",
        "type": "indirect"
      }
    },
    "nixpkgs_4": {
      "locked": {
        "lastModified": 1726320982,
        "narHash": "sha256-RuVXUwcYwaUeks6h3OLrEmg14z9aFXdWppTWPMTwdQw=",
        "owner": "NixOS",
        "repo": "nixpkgs",
        "rev": "8f7492cce28977fbf8bd12c72af08b1f6c7c3e49",
        "type": "github"
      },
      "original": {
        "owner": "NixOS",
        "ref": "nixos-24.05",
        "repo": "nixpkgs",
        "type": "github"
      }
    },
    "nixpkgs_5": {
      "locked": {
        "lastModified": 1726463316,
        "narHash": "sha256-gI9kkaH0ZjakJOKrdjaI/VbaMEo9qBbSUl93DnU7f4c=",
        "owner": "nixos",
        "repo": "nixpkgs",
        "rev": "99dc8785f6a0adac95f5e2ab05cc2e1bf666d172",
        "type": "github"
      },
      "original": {
        "owner": "nixos",
        "ref": "nixos-unstable",
        "repo": "nixpkgs",
        "type": "github"
      }
    },
    "root": {
      "inputs": {
        "home-manager": "home-manager",
        "hyprland": "hyprland",
        "hyprland-contrib": "hyprland-contrib",
        "nix-darwin": "nix-darwin",
        "nix-homebrew": "nix-homebrew",
        "nixos-cosmic": "nixos-cosmic",
        "nixos-wsl": "nixos-wsl",
        "nixpkgs": "nixpkgs_5"
      }
    },
    "rust-overlay": {
      "inputs": {
        "nixpkgs": [
          "nixos-cosmic",
          "nixpkgs"
        ]
      },
      "locked": {
        "lastModified": 1726539203,
        "narHash": "sha256-u1tAteb4qkH2gGjDY3mN/4Qxa6y798t4G0jNKDyTwv8=",
        "owner": "oxalica",
        "repo": "rust-overlay",
        "rev": "20c8461785d8f5af32d8d4d5c128589e23d7f033",
        "type": "github"
      },
      "original": {
        "owner": "oxalica",
        "repo": "rust-overlay",
        "type": "github"
      }
    },
    "systems": {
      "locked": {
        "lastModified": 1689347949,
        "narHash": "sha256-12tWmuL2zgBgZkdoB6qXZsgJEH9LR3oUgpaQq2RbI80=",
        "owner": "nix-systems",
        "repo": "default-linux",
        "rev": "31732fcf5e8fea42e59c2488ad31a0e651500f68",
        "type": "github"
      },
      "original": {
        "owner": "nix-systems",
        "repo": "default-linux",
        "type": "github"
      }
    },
    "systems_2": {
      "locked": {
        "lastModified": 1681028828,
        "narHash": "sha256-Vy1rq5AaRuLzOxct8nz4T6wlgyUR7zLU309k9mBC768=",
        "owner": "nix-systems",
        "repo": "default",
        "rev": "da67096a3b9bf56a91d16901293e51ba5b49a27e",
        "type": "github"
      },
      "original": {
        "owner": "nix-systems",
        "repo": "default",
        "type": "github"
      }
    },
    "systems_3": {
      "locked": {
        "lastModified": 1681028828,
        "narHash": "sha256-Vy1rq5AaRuLzOxct8nz4T6wlgyUR7zLU309k9mBC768=",
        "owner": "nix-systems",
        "repo": "default",
        "rev": "da67096a3b9bf56a91d16901293e51ba5b49a27e",
        "type": "github"
      },
      "original": {
        "owner": "nix-systems",
        "repo": "default",
        "type": "github"
      }
    },
    "treefmt-nix": {
      "inputs": {
        "nixpkgs": [
          "nixos-cosmic",
          "nix-update",
          "nixpkgs"
        ]
      },
      "locked": {
        "lastModified": 1719887753,
        "narHash": "sha256-p0B2r98UtZzRDM5miGRafL4h7TwGRC4DII+XXHDHqek=",
        "owner": "numtide",
        "repo": "treefmt-nix",
        "rev": "bdb6355009562d8f9313d9460c0d3860f525bc6c",
        "type": "github"
      },
      "original": {
        "owner": "numtide",
        "repo": "treefmt-nix",
        "type": "github"
      }
    },
    "xdph": {
      "inputs": {
        "hyprland-protocols": "hyprland-protocols",
        "hyprlang": [
          "hyprland",
          "hyprlang"
        ],
        "nixpkgs": [
          "hyprland",
          "nixpkgs"
        ],
        "systems": [
          "hyprland",
          "systems"
        ]
      },
      "locked": {
        "lastModified": 1726046979,
        "narHash": "sha256-6SEsjurq9cdTkITA6d49ncAJe4O/8CgRG5/F//s6Xh8=",
        "owner": "hyprwm",
        "repo": "xdg-desktop-portal-hyprland",
        "rev": "e695669fd8e1d1be9eaae40f35e00f8bd8b64c18",
        "type": "github"
      },
      "original": {
        "owner": "hyprwm",
        "repo": "xdg-desktop-portal-hyprland",
        "type": "github"
      }
    }
  },
  "root": "root",
  "version": 7
}
